// !$*UTF8*$!
{
	archiveVersion = 1;
	classes = {
	};
	objectVersion = 50;
	objects = {

/* Begin PBXBuildFile section */
		CA648388261255F400ADD9E3 /* MemorizeApp.swift in Sources */ = {isa = PBXBuildFile; fileRef = CA648387261255F400ADD9E3 /* MemorizeApp.swift */; };
		CA64838A261255F400ADD9E3 /* EmojiMemoryGameView.swift in Sources */ = {isa = PBXBuildFile; fileRef = CA648389261255F400ADD9E3 /* EmojiMemoryGameView.swift */; };
		CA64838C261255F400ADD9E3 /* Assets.xcassets in Resources */ = {isa = PBXBuildFile; fileRef = CA64838B261255F400ADD9E3 /* Assets.xcassets */; };
		CA64838F261255F400ADD9E3 /* Preview Assets.xcassets in Resources */ = {isa = PBXBuildFile; fileRef = CA64838E261255F400ADD9E3 /* Preview Assets.xcassets */; };
		CA64839A261255F400ADD9E3 /* MemorizeTests.swift in Sources */ = {isa = PBXBuildFile; fileRef = CA648399261255F400ADD9E3 /* MemorizeTests.swift */; };
		CA6483A5261255F500ADD9E3 /* MemorizeUITests.swift in Sources */ = {isa = PBXBuildFile; fileRef = CA6483A4261255F500ADD9E3 /* MemorizeUITests.swift */; };
		CA8FBE4D2613D2A20044C0EA /* MemoryGame.swift in Sources */ = {isa = PBXBuildFile; fileRef = CA8FBE4C2613D2A20044C0EA /* MemoryGame.swift */; };
		CA8FBE522613D4B50044C0EA /* EmojiMemoryGame.swift in Sources */ = {isa = PBXBuildFile; fileRef = CA8FBE512613D4B50044C0EA /* EmojiMemoryGame.swift */; };
		CAD188062616CF00007F0CC1 /* Array+Only.swift in Sources */ = {isa = PBXBuildFile; fileRef = CAD188052616CF00007F0CC1 /* Array+Only.swift */; };
		CAE346122616874C002A2E26 /* Grid.swift in Sources */ = {isa = PBXBuildFile; fileRef = CAE346112616874C002A2E26 /* Grid.swift */; };
		CAE346172616A598002A2E26 /* GridLayout.swift in Sources */ = {isa = PBXBuildFile; fileRef = CAE346162616A598002A2E26 /* GridLayout.swift */; };
		CAE3461C2616BCFB002A2E26 /* Array+Identifiable.swift in Sources */ = {isa = PBXBuildFile; fileRef = CAE3461B2616BCFB002A2E26 /* Array+Identifiable.swift */; };
/* End PBXBuildFile section */

/* Begin PBXContainerItemProxy section */
		CA648396261255F400ADD9E3 /* PBXContainerItemProxy */ = {
			isa = PBXContainerItemProxy;
			containerPortal = CA64837C261255F400ADD9E3 /* Project object */;
			proxyType = 1;
			remoteGlobalIDString = CA648383261255F400ADD9E3;
			remoteInfo = Memorize;
		};
		CA6483A1261255F500ADD9E3 /* PBXContainerItemProxy */ = {
			isa = PBXContainerItemProxy;
			containerPortal = CA64837C261255F400ADD9E3 /* Project object */;
			proxyType = 1;
			remoteGlobalIDString = CA648383261255F400ADD9E3;
			remoteInfo = Memorize;
		};
/* End PBXContainerItemProxy section */

/* Begin PBXFileReference section */
		CA648384261255F400ADD9E3 /* Memorize.app */ = {isa = PBXFileReference; explicitFileType = wrapper.application; includeInIndex = 0; path = Memorize.app; sourceTree = BUILT_PRODUCTS_DIR; };
		CA648387261255F400ADD9E3 /* MemorizeApp.swift */ = {isa = PBXFileReference; lastKnownFileType = sourcecode.swift; path = MemorizeApp.swift; sourceTree = "<group>"; };
		CA648389261255F400ADD9E3 /* EmojiMemoryGameView.swift */ = {isa = PBXFileReference; lastKnownFileType = sourcecode.swift; path = EmojiMemoryGameView.swift; sourceTree = "<group>"; };
		CA64838B261255F400ADD9E3 /* Assets.xcassets */ = {isa = PBXFileReference; lastKnownFileType = folder.assetcatalog; path = Assets.xcassets; sourceTree = "<group>"; };
		CA64838E261255F400ADD9E3 /* Preview Assets.xcassets */ = {isa = PBXFileReference; lastKnownFileType = folder.assetcatalog; path = "Preview Assets.xcassets"; sourceTree = "<group>"; };
		CA648390261255F400ADD9E3 /* Info.plist */ = {isa = PBXFileReference; lastKnownFileType = text.plist.xml; path = Info.plist; sourceTree = "<group>"; };
		CA648395261255F400ADD9E3 /* MemorizeTests.xctest */ = {isa = PBXFileReference; explicitFileType = wrapper.cfbundle; includeInIndex = 0; path = MemorizeTests.xctest; sourceTree = BUILT_PRODUCTS_DIR; };
		CA648399261255F400ADD9E3 /* MemorizeTests.swift */ = {isa = PBXFileReference; lastKnownFileType = sourcecode.swift; path = MemorizeTests.swift; sourceTree = "<group>"; };
		CA64839B261255F400ADD9E3 /* Info.plist */ = {isa = PBXFileReference; lastKnownFileType = text.plist.xml; path = Info.plist; sourceTree = "<group>"; };
		CA6483A0261255F500ADD9E3 /* MemorizeUITests.xctest */ = {isa = PBXFileReference; explicitFileType = wrapper.cfbundle; includeInIndex = 0; path = MemorizeUITests.xctest; sourceTree = BUILT_PRODUCTS_DIR; };
		CA6483A4261255F500ADD9E3 /* MemorizeUITests.swift */ = {isa = PBXFileReference; lastKnownFileType = sourcecode.swift; path = MemorizeUITests.swift; sourceTree = "<group>"; };
		CA6483A6261255F500ADD9E3 /* Info.plist */ = {isa = PBXFileReference; lastKnownFileType = text.plist.xml; path = Info.plist; sourceTree = "<group>"; };
		CA8FBE4C2613D2A20044C0EA /* MemoryGame.swift */ = {isa = PBXFileReference; lastKnownFileType = sourcecode.swift; path = MemoryGame.swift; sourceTree = "<group>"; };
		CA8FBE512613D4B50044C0EA /* EmojiMemoryGame.swift */ = {isa = PBXFileReference; lastKnownFileType = sourcecode.swift; path = EmojiMemoryGame.swift; sourceTree = "<group>"; };
		CAD188052616CF00007F0CC1 /* Array+Only.swift */ = {isa = PBXFileReference; lastKnownFileType = sourcecode.swift; path = "Array+Only.swift"; sourceTree = "<group>"; };
		CAE346112616874C002A2E26 /* Grid.swift */ = {isa = PBXFileReference; lastKnownFileType = sourcecode.swift; path = Grid.swift; sourceTree = "<group>"; };
		CAE346162616A598002A2E26 /* GridLayout.swift */ = {isa = PBXFileReference; fileEncoding = 4; lastKnownFileType = sourcecode.swift; path = GridLayout.swift; sourceTree = "<group>"; };
		CAE3461B2616BCFB002A2E26 /* Array+Identifiable.swift */ = {isa = PBXFileReference; lastKnownFileType = sourcecode.swift; path = "Array+Identifiable.swift"; sourceTree = "<group>"; };
/* End PBXFileReference section */

/* Begin PBXFrameworksBuildPhase section */
		CA648381261255F400ADD9E3 /* Frameworks */ = {
			isa = PBXFrameworksBuildPhase;
			buildActionMask = 2147483647;
			files = (
			);
			runOnlyForDeploymentPostprocessing = 0;
		};
		CA648392261255F400ADD9E3 /* Frameworks */ = {
			isa = PBXFrameworksBuildPhase;
			buildActionMask = 2147483647;
			files = (
			);
			runOnlyForDeploymentPostprocessing = 0;
		};
		CA64839D261255F500ADD9E3 /* Frameworks */ = {
			isa = PBXFrameworksBuildPhase;
			buildActionMask = 2147483647;
			files = (
			);
			runOnlyForDeploymentPostprocessing = 0;
		};
/* End PBXFrameworksBuildPhase section */

/* Begin PBXGroup section */
		CA64837B261255F400ADD9E3 = {
			isa = PBXGroup;
			children = (
				CA648386261255F400ADD9E3 /* Memorize */,
				CA648398261255F400ADD9E3 /* MemorizeTests */,
				CA6483A3261255F500ADD9E3 /* MemorizeUITests */,
				CA648385261255F400ADD9E3 /* Products */,
			);
			sourceTree = "<group>";
		};
		CA648385261255F400ADD9E3 /* Products */ = {
			isa = PBXGroup;
			children = (
				CA648384261255F400ADD9E3 /* Memorize.app */,
				CA648395261255F400ADD9E3 /* MemorizeTests.xctest */,
				CA6483A0261255F500ADD9E3 /* MemorizeUITests.xctest */,
			);
			name = Products;
			sourceTree = "<group>";
		};
		CA648386261255F400ADD9E3 /* Memorize */ = {
			isa = PBXGroup;
			children = (
				CA648387261255F400ADD9E3 /* MemorizeApp.swift */,
				CA648389261255F400ADD9E3 /* EmojiMemoryGameView.swift */,
				CAE346112616874C002A2E26 /* Grid.swift */,
				CAE3461B2616BCFB002A2E26 /* Array+Identifiable.swift */,
				CA8FBE4C2613D2A20044C0EA /* MemoryGame.swift */,
				CAD188052616CF00007F0CC1 /* Array+Only.swift */,
				CA8FBE512613D4B50044C0EA /* EmojiMemoryGame.swift */,
				CAE346162616A598002A2E26 /* GridLayout.swift */,
				CA64838B261255F400ADD9E3 /* Assets.xcassets */,
				CA648390261255F400ADD9E3 /* Info.plist */,
				CA64838D261255F400ADD9E3 /* Preview Content */,
			);
			path = Memorize;
			sourceTree = "<group>";
		};
		CA64838D261255F400ADD9E3 /* Preview Content */ = {
			isa = PBXGroup;
			children = (
				CA64838E261255F400ADD9E3 /* Preview Assets.xcassets */,
			);
			path = "Preview Content";
			sourceTree = "<group>";
		};
		CA648398261255F400ADD9E3 /* MemorizeTests */ = {
			isa = PBXGroup;
			children = (
				CA648399261255F400ADD9E3 /* MemorizeTests.swift */,
				CA64839B261255F400ADD9E3 /* Info.plist */,
			);
			path = MemorizeTests;
			sourceTree = "<group>";
		};
		CA6483A3261255F500ADD9E3 /* MemorizeUITests */ = {
			isa = PBXGroup;
			children = (
				CA6483A4261255F500ADD9E3 /* MemorizeUITests.swift */,
				CA6483A6261255F500ADD9E3 /* Info.plist */,
			);
			path = MemorizeUITests;
			sourceTree = "<group>";
		};
/* End PBXGroup section */

/* Begin PBXNativeTarget section */
		CA648383261255F400ADD9E3 /* Memorize */ = {
			isa = PBXNativeTarget;
			buildConfigurationList = CA6483A9261255F500ADD9E3 /* Build configuration list for PBXNativeTarget "Memorize" */;
			buildPhases = (
				CA648380261255F400ADD9E3 /* Sources */,
				CA648381261255F400ADD9E3 /* Frameworks */,
				CA648382261255F400ADD9E3 /* Resources */,
			);
			buildRules = (
			);
			dependencies = (
			);
			name = Memorize;
			productName = Memorize;
			productReference = CA648384261255F400ADD9E3 /* Memorize.app */;
			productType = "com.apple.product-type.application";
		};
		CA648394261255F400ADD9E3 /* MemorizeTests */ = {
			isa = PBXNativeTarget;
			buildConfigurationList = CA6483AC261255F500ADD9E3 /* Build configuration list for PBXNativeTarget "MemorizeTests" */;
			buildPhases = (
				CA648391261255F400ADD9E3 /* Sources */,
				CA648392261255F400ADD9E3 /* Frameworks */,
				CA648393261255F400ADD9E3 /* Resources */,
			);
			buildRules = (
			);
			dependencies = (
				CA648397261255F400ADD9E3 /* PBXTargetDependency */,
			);
			name = MemorizeTests;
			productName = MemorizeTests;
			productReference = CA648395261255F400ADD9E3 /* MemorizeTests.xctest */;
			productType = "com.apple.product-type.bundle.unit-test";
		};
		CA64839F261255F500ADD9E3 /* MemorizeUITests */ = {
			isa = PBXNativeTarget;
			buildConfigurationList = CA6483AF261255F500ADD9E3 /* Build configuration list for PBXNativeTarget "MemorizeUITests" */;
			buildPhases = (
				CA64839C261255F500ADD9E3 /* Sources */,
				CA64839D261255F500ADD9E3 /* Frameworks */,
				CA64839E261255F500ADD9E3 /* Resources */,
			);
			buildRules = (
			);
			dependencies = (
				CA6483A2261255F500ADD9E3 /* PBXTargetDependency */,
			);
			name = MemorizeUITests;
			productName = MemorizeUITests;
			productReference = CA6483A0261255F500ADD9E3 /* MemorizeUITests.xctest */;
			productType = "com.apple.product-type.bundle.ui-testing";
		};
/* End PBXNativeTarget section */

/* Begin PBXProject section */
		CA64837C261255F400ADD9E3 /* Project object */ = {
			isa = PBXProject;
			attributes = {
				LastSwiftUpdateCheck = 1240;
				LastUpgradeCheck = 1240;
				TargetAttributes = {
					CA648383261255F400ADD9E3 = {
						CreatedOnToolsVersion = 12.4;
					};
					CA648394261255F400ADD9E3 = {
						CreatedOnToolsVersion = 12.4;
						TestTargetID = CA648383261255F400ADD9E3;
					};
					CA64839F261255F500ADD9E3 = {
						CreatedOnToolsVersion = 12.4;
						TestTargetID = CA648383261255F400ADD9E3;
					};
				};
			};
			buildConfigurationList = CA64837F261255F400ADD9E3 /* Build configuration list for PBXProject "Memorize" */;
			compatibilityVersion = "Xcode 9.3";
			developmentRegion = en;
			hasScannedForEncodings = 0;
			knownRegions = (
				en,
				Base,
			);
			mainGroup = CA64837B261255F400ADD9E3;
			productRefGroup = CA648385261255F400ADD9E3 /* Products */;
			projectDirPath = "";
			projectRoot = "";
			targets = (
				CA648383261255F400ADD9E3 /* Memorize */,
				CA648394261255F400ADD9E3 /* MemorizeTests */,
				CA64839F261255F500ADD9E3 /* MemorizeUITests */,
			);
		};
/* End PBXProject section */

/* Begin PBXResourcesBuildPhase section */
		CA648382261255F400ADD9E3 /* Resources */ = {
			isa = PBXResourcesBuildPhase;
			buildActionMask = 2147483647;
			files = (
				CA64838F261255F400ADD9E3 /* Preview Assets.xcassets in Resources */,
				CA64838C261255F400ADD9E3 /* Assets.xcassets in Resources */,
			);
			runOnlyForDeploymentPostprocessing = 0;
		};
		CA648393261255F400ADD9E3 /* Resources */ = {
			isa = PBXResourcesBuildPhase;
			buildActionMask = 2147483647;
			files = (
			);
			runOnlyForDeploymentPostprocessing = 0;
		};
		CA64839E261255F500ADD9E3 /* Resources */ = {
			isa = PBXResourcesBuildPhase;
			buildActionMask = 2147483647;
			files = (
			);
			runOnlyForDeploymentPostprocessing = 0;
		};
/* End PBXResourcesBuildPhase section */

/* Begin PBXSourcesBuildPhase section */
		CA648380261255F400ADD9E3 /* Sources */ = {
			isa = PBXSourcesBuildPhase;
			buildActionMask = 2147483647;
			files = (
				CA8FBE4D2613D2A20044C0EA /* MemoryGame.swift in Sources */,
				CA64838A261255F400ADD9E3 /* EmojiMemoryGameView.swift in Sources */,
				CA648388261255F400ADD9E3 /* MemorizeApp.swift in Sources */,
				CAE346172616A598002A2E26 /* GridLayout.swift in Sources */,
				CAE346122616874C002A2E26 /* Grid.swift in Sources */,
				CAE3461C2616BCFB002A2E26 /* Array+Identifiable.swift in Sources */,
				CA8FBE522613D4B50044C0EA /* EmojiMemoryGame.swift in Sources */,
				CAD188062616CF00007F0CC1 /* Array+Only.swift in Sources */,
			);
			runOnlyForDeploymentPostprocessing = 0;
		};
		CA648391261255F400ADD9E3 /* Sources */ = {
			isa = PBXSourcesBuildPhase;
			buildActionMask = 2147483647;
			files = (
				CA64839A261255F400ADD9E3 /* MemorizeTests.swift in Sources */,
			);
			runOnlyForDeploymentPostprocessing = 0;
		};
		CA64839C261255F500ADD9E3 /* Sources */ = {
			isa = PBXSourcesBuildPhase;
			buildActionMask = 2147483647;
			files = (
				CA6483A5261255F500ADD9E3 /* MemorizeUITests.swift in Sources */,
			);
			runOnlyForDeploymentPostprocessing = 0;
		};
/* End PBXSourcesBuildPhase section */

/* Begin PBXTargetDependency section */
		CA648397261255F400ADD9E3 /* PBXTargetDependency */ = {
			isa = PBXTargetDependency;
			target = CA648383261255F400ADD9E3 /* Memorize */;
			targetProxy = CA648396261255F400ADD9E3 /* PBXContainerItemProxy */;
		};
		CA6483A2261255F500ADD9E3 /* PBXTargetDependency */ = {
			isa = PBXTargetDependency;
			target = CA648383261255F400ADD9E3 /* Memorize */;
			targetProxy = CA6483A1261255F500ADD9E3 /* PBXContainerItemProxy */;
		};
/* End PBXTargetDependency section */

/* Begin XCBuildConfiguration section */
		CA6483A7261255F500ADD9E3 /* Debug */ = {
			isa = XCBuildConfiguration;
			buildSettings = {
				ALWAYS_SEARCH_USER_PATHS = NO;
				CLANG_ANALYZER_NONNULL = YES;
				CLANG_ANALYZER_NUMBER_OBJECT_CONVERSION = YES_AGGRESSIVE;
				CLANG_CXX_LANGUAGE_STANDARD = "gnu++14";
				CLANG_CXX_LIBRARY = "libc++";
				CLANG_ENABLE_MODULES = YES;
				CLANG_ENABLE_OBJC_ARC = YES;
				CLANG_ENABLE_OBJC_WEAK = YES;
				CLANG_WARN_BLOCK_CAPTURE_AUTORELEASING = YES;
				CLANG_WARN_BOOL_CONVERSION = YES;
				CLANG_WARN_COMMA = YES;
				CLANG_WARN_CONSTANT_CONVERSION = YES;
				CLANG_WARN_DEPRECATED_OBJC_IMPLEMENTATIONS = YES;
				CLANG_WARN_DIRECT_OBJC_ISA_USAGE = YES_ERROR;
				CLANG_WARN_DOCUMENTATION_COMMENTS = YES;
				CLANG_WARN_EMPTY_BODY = YES;
				CLANG_WARN_ENUM_CONVERSION = YES;
				CLANG_WARN_INFINITE_RECURSION = YES;
				CLANG_WARN_INT_CONVERSION = YES;
				CLANG_WARN_NON_LITERAL_NULL_CONVERSION = YES;
				CLANG_WARN_OBJC_IMPLICIT_RETAIN_SELF = YES;
				CLANG_WARN_OBJC_LITERAL_CONVERSION = YES;
				CLANG_WARN_OBJC_ROOT_CLASS = YES_ERROR;
				CLANG_WARN_QUOTED_INCLUDE_IN_FRAMEWORK_HEADER = YES;
				CLANG_WARN_RANGE_LOOP_ANALYSIS = YES;
				CLANG_WARN_STRICT_PROTOTYPES = YES;
				CLANG_WARN_SUSPICIOUS_MOVE = YES;
				CLANG_WARN_UNGUARDED_AVAILABILITY = YES_AGGRESSIVE;
				CLANG_WARN_UNREACHABLE_CODE = YES;
				CLANG_WARN__DUPLICATE_METHOD_MATCH = YES;
				COPY_PHASE_STRIP = NO;
				DEBUG_INFORMATION_FORMAT = dwarf;
				ENABLE_STRICT_OBJC_MSGSEND = YES;
				ENABLE_TESTABILITY = YES;
				GCC_C_LANGUAGE_STANDARD = gnu11;
				GCC_DYNAMIC_NO_PIC = NO;
				GCC_NO_COMMON_BLOCKS = YES;
				GCC_OPTIMIZATION_LEVEL = 0;
				GCC_PREPROCESSOR_DEFINITIONS = (
					"DEBUG=1",
					"$(inherited)",
				);
				GCC_WARN_64_TO_32_BIT_CONVERSION = YES;
				GCC_WARN_ABOUT_RETURN_TYPE = YES_ERROR;
				GCC_WARN_UNDECLARED_SELECTOR = YES;
				GCC_WARN_UNINITIALIZED_AUTOS = YES_AGGRESSIVE;
				GCC_WARN_UNUSED_FUNCTION = YES;
				GCC_WARN_UNUSED_VARIABLE = YES;
				IPHONEOS_DEPLOYMENT_TARGET = 14.4;
				MTL_ENABLE_DEBUG_INFO = INCLUDE_SOURCE;
				MTL_FAST_MATH = YES;
				ONLY_ACTIVE_ARCH = YES;
				SDKROOT = iphoneos;
				SWIFT_ACTIVE_COMPILATION_CONDITIONS = DEBUG;
				SWIFT_OPTIMIZATION_LEVEL = "-Onone";
			};
			name = Debug;
		};
		CA6483A8261255F500ADD9E3 /* Release */ = {
			isa = XCBuildConfiguration;
			buildSettings = {
				ALWAYS_SEARCH_USER_PATHS = NO;
				CLANG_ANALYZER_NONNULL = YES;
				CLANG_ANALYZER_NUMBER_OBJECT_CONVERSION = YES_AGGRESSIVE;
				CLANG_CXX_LANGUAGE_STANDARD = "gnu++14";
				CLANG_CXX_LIBRARY = "libc++";
				CLANG_ENABLE_MODULES = YES;
				CLANG_ENABLE_OBJC_ARC = YES;
				CLANG_ENABLE_OBJC_WEAK = YES;
				CLANG_WARN_BLOCK_CAPTURE_AUTORELEASING = YES;
				CLANG_WARN_BOOL_CONVERSION = YES;
				CLANG_WARN_COMMA = YES;
				CLANG_WARN_CONSTANT_CONVERSION = YES;
				CLANG_WARN_DEPRECATED_OBJC_IMPLEMENTATIONS = YES;
				CLANG_WARN_DIRECT_OBJC_ISA_USAGE = YES_ERROR;
				CLANG_WARN_DOCUMENTATION_COMMENTS = YES;
				CLANG_WARN_EMPTY_BODY = YES;
				CLANG_WARN_ENUM_CONVERSION = YES;
				CLANG_WARN_INFINITE_RECURSION = YES;
				CLANG_WARN_INT_CONVERSION = YES;
				CLANG_WARN_NON_LITERAL_NULL_CONVERSION = YES;
				CLANG_WARN_OBJC_IMPLICIT_RETAIN_SELF = YES;
				CLANG_WARN_OBJC_LITERAL_CONVERSION = YES;
				CLANG_WARN_OBJC_ROOT_CLASS = YES_ERROR;
				CLANG_WARN_QUOTED_INCLUDE_IN_FRAMEWORK_HEADER = YES;
				CLANG_WARN_RANGE_LOOP_ANALYSIS = YES;
				CLANG_WARN_STRICT_PROTOTYPES = YES;
				CLANG_WARN_SUSPICIOUS_MOVE = YES;
				CLANG_WARN_UNGUARDED_AVAILABILITY = YES_AGGRESSIVE;
				CLANG_WARN_UNREACHABLE_CODE = YES;
				CLANG_WARN__DUPLICATE_METHOD_MATCH = YES;
				COPY_PHASE_STRIP = NO;
				DEBUG_INFORMATION_FORMAT = "dwarf-with-dsym";
				ENABLE_NS_ASSERTIONS = NO;
				ENABLE_STRICT_OBJC_MSGSEND = YES;
				GCC_C_LANGUAGE_STANDARD = gnu11;
				GCC_NO_COMMON_BLOCKS = YES;
				GCC_WARN_64_TO_32_BIT_CONVERSION = YES;
				GCC_WARN_ABOUT_RETURN_TYPE = YES_ERROR;
				GCC_WARN_UNDECLARED_SELECTOR = YES;
				GCC_WARN_UNINITIALIZED_AUTOS = YES_AGGRESSIVE;
				GCC_WARN_UNUSED_FUNCTION = YES;
				GCC_WARN_UNUSED_VARIABLE = YES;
				IPHONEOS_DEPLOYMENT_TARGET = 14.4;
				MTL_ENABLE_DEBUG_INFO = NO;
				MTL_FAST_MATH = YES;
				SDKROOT = iphoneos;
				SWIFT_COMPILATION_MODE = wholemodule;
				SWIFT_OPTIMIZATION_LEVEL = "-O";
				VALIDATE_PRODUCT = YES;
			};
			name = Release;
		};
		CA6483AA261255F500ADD9E3 /* Debug */ = {
			isa = XCBuildConfiguration;
			buildSettings = {
				ASSETCATALOG_COMPILER_APPICON_NAME = AppIcon;
				ASSETCATALOG_COMPILER_GLOBAL_ACCENT_COLOR_NAME = AccentColor;
				CODE_SIGN_STYLE = Automatic;
				DEVELOPMENT_ASSET_PATHS = "\"Memorize/Preview Content\"";
				DEVELOPMENT_TEAM = B22AJQDCC4;
				ENABLE_PREVIEWS = YES;
				INFOPLIST_FILE = Memorize/Info.plist;
				IPHONEOS_DEPLOYMENT_TARGET = 14.0;
				LD_RUNPATH_SEARCH_PATHS = (
					"$(inherited)",
					"@executable_path/Frameworks",
				);
				PRODUCT_BUNDLE_IDENTIFIER = com.lferracioli.Memorize;
				PRODUCT_NAME = "$(TARGET_NAME)";
				SWIFT_VERSION = 5.0;
				TARGETED_DEVICE_FAMILY = "1,2";
			};
			name = Debug;
		};
		CA6483AB261255F500ADD9E3 /* Release */ = {
			isa = XCBuildConfiguration;
			buildSettings = {
				ASSETCATALOG_COMPILER_APPICON_NAME = AppIcon;
				ASSETCATALOG_COMPILER_GLOBAL_ACCENT_COLOR_NAME = AccentColor;
				CODE_SIGN_STYLE = Automatic;
				DEVELOPMENT_ASSET_PATHS = "\"Memorize/Preview Content\"";
				DEVELOPMENT_TEAM = B22AJQDCC4;
				ENABLE_PREVIEWS = YES;
				INFOPLIST_FILE = Memorize/Info.plist;
				IPHONEOS_DEPLOYMENT_TARGET = 14.0;
				LD_RUNPATH_SEARCH_PATHS = (
					"$(inherited)",
					"@executable_path/Frameworks",
				);
				PRODUCT_BUNDLE_IDENTIFIER = com.lferracioli.Memorize;
				PRODUCT_NAME = "$(TARGET_NAME)";
				SWIFT_VERSION = 5.0;
				TARGETED_DEVICE_FAMILY = "1,2";
			};
			name = Release;
		};
		CA6483AD261255F500ADD9E3 /* Debug */ = {
			isa = XCBuildConfiguration;
			buildSettings = {
				ALWAYS_EMBED_SWIFT_STANDARD_LIBRARIES = YES;
				BUNDLE_LOADER = "$(TEST_HOST)";
				CODE_SIGN_STYLE = Automatic;
				DEVELOPMENT_TEAM = B22AJQDCC4;
				INFOPLIST_FILE = MemorizeTests/Info.plist;
				IPHONEOS_DEPLOYMENT_TARGET = 14.0;
				LD_RUNPATH_SEARCH_PATHS = (
					"$(inherited)",
					"@executable_path/Frameworks",
					"@loader_path/Frameworks",
				);
				PRODUCT_BUNDLE_IDENTIFIER = com.lferracioli.MemorizeTests;
				PRODUCT_NAME = "$(TARGET_NAME)";
				SWIFT_VERSION = 5.0;
				TARGETED_DEVICE_FAMILY = "1,2";
				TEST_HOST = "$(BUILT_PRODUCTS_DIR)/Memorize.app/Memorize";
			};
			name = Debug;
		};
		CA6483AE261255F500ADD9E3 /* Release */ = {
			isa = XCBuildConfiguration;
			buildSettings = {
				ALWAYS_EMBED_SWIFT_STANDARD_LIBRARIES = YES;
				BUNDLE_LOADER = "$(TEST_HOST)";
				CODE_SIGN_STYLE = Automatic;
				DEVELOPMENT_TEAM = B22AJQDCC4;
				INFOPLIST_FILE = MemorizeTests/Info.plist;
				IPHONEOS_DEPLOYMENT_TARGET = 14.0;
				LD_RUNPATH_SEARCH_PATHS = (
					"$(inherited)",
					"@executable_path/Frameworks",
					"@loader_path/Frameworks",
				);
				PRODUCT_BUNDLE_IDENTIFIER = com.lferracioli.MemorizeTests;
				PRODUCT_NAME = "$(TARGET_NAME)";
				SWIFT_VERSION = 5.0;
				TARGETED_DEVICE_FAMILY = "1,2";
				TEST_HOST = "$(BUILT_PRODUCTS_DIR)/Memorize.app/Memorize";
			};
			name = Release;
		};
		CA6483B0261255F500ADD9E3 /* Debug */ = {
			isa = XCBuildConfiguration;
			buildSettings = {
				ALWAYS_EMBED_SWIFT_STANDARD_LIBRARIES = YES;
				CODE_SIGN_STYLE = Automatic;
				DEVELOPMENT_TEAM = B22AJQDCC4;
				INFOPLIST_FILE = MemorizeUITests/Info.plist;
				LD_RUNPATH_SEARCH_PATHS = (
					"$(inherited)",
					"@executable_path/Frameworks",
					"@loader_path/Frameworks",
				);
				PRODUCT_BUNDLE_IDENTIFIER = com.lferracioli.MemorizeUITests;
				PRODUCT_NAME = "$(TARGET_NAME)";
				SWIFT_VERSION = 5.0;
				TARGETED_DEVICE_FAMILY = "1,2";
				TEST_TARGET_NAME = Memorize;
			};
			name = Debug;
		};
		CA6483B1261255F500ADD9E3 /* Release */ = {
			isa = XCBuildConfiguration;
			buildSettings = {
				ALWAYS_EMBED_SWIFT_STANDARD_LIBRARIES = YES;
				CODE_SIGN_STYLE = Automatic;
				DEVELOPMENT_TEAM = B22AJQDCC4;
				INFOPLIST_FILE = MemorizeUITests/Info.plist;
				LD_RUNPATH_SEARCH_PATHS = (
					"$(inherited)",
					"@executable_path/Frameworks",
					"@loader_path/Frameworks",
				);
				PRODUCT_BUNDLE_IDENTIFIER = com.lferracioli.MemorizeUITests;
				PRODUCT_NAME = "$(TARGET_NAME)";
				SWIFT_VERSION = 5.0;
				TARGETED_DEVICE_FAMILY = "1,2";
				TEST_TARGET_NAME = Memorize;
			};
			name = Release;
		};
/* End XCBuildConfiguration section */

/* Begin XCConfigurationList section */
		CA64837F261255F400ADD9E3 /* Build configuration list for PBXProject "Memorize" */ = {
			isa = XCConfigurationList;
			buildConfigurations = (
				CA6483A7261255F500ADD9E3 /* Debug */,
				CA6483A8261255F500ADD9E3 /* Release */,
			);
			defaultConfigurationIsVisible = 0;
			defaultConfigurationName = Release;
		};
		CA6483A9261255F500ADD9E3 /* Build configuration list for PBXNativeTarget "Memorize" */ = {
			isa = XCConfigurationList;
			buildConfigurations = (
				CA6483AA261255F500ADD9E3 /* Debug */,
				CA6483AB261255F500ADD9E3 /* Release */,
			);
			defaultConfigurationIsVisible = 0;
			defaultConfigurationName = Release;
		};
		CA6483AC261255F500ADD9E3 /* Build configuration list for PBXNativeTarget "MemorizeTests" */ = {
			isa = XCConfigurationList;
			buildConfigurations = (
				CA6483AD261255F500ADD9E3 /* Debug */,
				CA6483AE261255F500ADD9E3 /* Release */,
			);
			defaultConfigurationIsVisible = 0;
			defaultConfigurationName = Release;
		};
		CA6483AF261255F500ADD9E3 /* Build configuration list for PBXNativeTarget "MemorizeUITests" */ = {
			isa = XCConfigurationList;
			buildConfigurations = (
				CA6483B0261255F500ADD9E3 /* Debug */,
				CA6483B1261255F500ADD9E3 /* Release */,
			);
			defaultConfigurationIsVisible = 0;
			defaultConfigurationName = Release;
		};
/* End XCConfigurationList section */
	};
	rootObject = CA64837C261255F400ADD9E3 /* Project object */;
}
